{
  "framework": {
    "digest": "73c6ef953cf60f82eb5fcb1b65ecd60d506f93d3c46a971f89bb8b54636c13b2",
    "source_commit": "dc804321789c56671837a63e23ace2e71d9a2c1e",
    "source_kind": "commit",
    "source_revision": "dc804321789c56671837a63e23ace2e71d9a2c1e",
    "version": "1.5.0-dev"
  },
  "framework_inputs": {
    "framework/core/AGENTS.md": "01f879c3f739ed7abf6f7cf59f065b65ee5ad6d4c9bae10f90813474ca7efec2",
    "framework/core/agent-harness.md": "dc10b2e8a6765760ade8fe055ca3179df0709f2571fe351784bc79a692786080",
    "framework/profiles/openai-agent-guidance/AGENTS.md": "5e9f136ca444e3e568f56c3cd26263b5355462bb6f8bef19996242f7d45ae526",
    "framework/profiles/openai-agent-guidance/agent-harness.md": "39cff04f21f56b48aa7987e43d2a673969937271bcb99e21fe2ab77ceadc3961",
    "framework/profiles/public-repository/AGENTS.md": "b07ac20c9e1611c7e98c5978ec385ca0560363c4b3f55f0a84399791aee7c917",
    "framework/profiles/public-repository/agent-harness.md": "4704a09b288b0afb5527c983f52b9ee28b4077c1876fb02c38b43b588b88afd9",
    "framework/profiles/vcs-jj/AGENTS.md": "c64d67dc02ee495c547171572e205c605499ca65edaff94f8860dbcbf08740cc",
    "framework/profiles/vcs-jj/agent-harness.md": "f132dfad51892450ae93c18e468aea60a7a0b7ace36df325975ac976ae0a1cf3",
    "framework/standalone/check.py": "985accc14cd6e72109fdfcac95491172288f26e973907bbad8b5a86767c2541e",
    "src/ai_first/__init__.py": "0e90de36259bbfced5d1834929f0be424dbfae3fb73e3713508b79e7e7083427",
    "src/ai_first/__main__.py": "935a1c1166b0c1ea35a82256345000bf2c73ded718d77773bc27a71ecce28f7d",
    "src/ai_first/cli.py": "432cd5b48ddf64a23fcb567db84b509948b6d9049deb90002f34535ed6586f82",
    "src/ai_first/config.py": "429dd098fa823c64c0dc8cba48378efa8e6f1a7788fd3bdc34cf0e6da82f99aa",
    "src/ai_first/publication.py": "af2beb3e18671267cb8fb1908239f4073abe8bb86121b01a19f96005b5cc24b6",
    "src/ai_first/render.py": "05f55dae0f701cce5e0e74b625e95c8888981db1155b27985a14184f40e69f4b"
  },
  "outputs": {
    ".ai-first/check.py": "985accc14cd6e72109fdfcac95491172288f26e973907bbad8b5a86767c2541e",
    "AGENTS.md": "1c0e2b618af478ebe12994b76b3dd5d7030abdb19335e481bd47b9f6ac68e04d",
    "docs/agent-harness.md": "7d19cadca63cd148cdb27003a672a97c111cd54050c1fc4c86d59118eaa2abcc"
  },
  "profiles": [
    "vcs-jj",
    "public-repository",
    "openai-agent-guidance"
  ],
  "repository_inputs": {
    ".ai-first.toml": "101f4ebf2f22beb2a655230db75e750e4b76a78e96cc3c25786589781b8ba2f7",
    ".ai-first/overlays/agents-first-read.md": "2a56201726b9580944d4838996a5b8abb6534c72fd3f62b86fbcb53308e0258f",
    ".ai-first/overlays/agents-project.md": "1321659fb33bbf2879468da26f97a2ef999aba7492b4fda08bb568e4b0fa1c26",
    ".ai-first/overlays/harness-project.md": "28618dd7fb3b14a99115b972890ebb773de74e6674a623e2511b3b0cb903caf2"
  },
  "schema_version": 1
}
