{
  "framework": {
    "digest": "5fda75d10ff057f661d1bc218009029150e9d48e923625d2bebf803b149f220a",
    "source_commit": "423336668c051cc447cf2f38176a37b3e5b0df1c",
    "source_kind": "release",
    "source_revision": "v1.1.1",
    "version": "1.1.1"
  },
  "framework_inputs": {
    "framework/core/AGENTS.md": "d501ae30bff02996701b15b5530bf599309f6f584cb4fd82e97ba2b8ae87f4b1",
    "framework/core/agent-harness.md": "ee234159c45fdff256b94f6f4bcca09a81d5343aacb2a3d8a671242a3a16a349",
    "framework/profiles/openai-agent-guidance/AGENTS.md": "54a6f9771b46e66b486708d4036cbb0ca15b03ae1df4f59a1bcdde979844d9c7",
    "framework/profiles/openai-agent-guidance/agent-harness.md": "080fd340d32edc78d90ec090f80c47e0ade03712baef5e71b47d53c5ea8f230e",
    "framework/profiles/public-repository/AGENTS.md": "b07ac20c9e1611c7e98c5978ec385ca0560363c4b3f55f0a84399791aee7c917",
    "framework/profiles/public-repository/agent-harness.md": "4704a09b288b0afb5527c983f52b9ee28b4077c1876fb02c38b43b588b88afd9",
    "framework/profiles/vcs-jj/AGENTS.md": "386d7c744af12c9eb0e899a4d3a844c87726e8bb83726cecc90fa596e7132686",
    "framework/profiles/vcs-jj/agent-harness.md": "060ae682ffc96516616375e9a7ad5896d7dba5138cb77c4099b42437c0ad77ba",
    "framework/standalone/check.py": "cb5bfa23528dc5a88846b6ac038ea4e132710a49175f6513f07e1b4a55c900e3",
    "src/ai_first/__init__.py": "02073b2c91898684d012b45b05fce8ec1e97fb4f5fb3220d71670fb6552baa05",
    "src/ai_first/__main__.py": "935a1c1166b0c1ea35a82256345000bf2c73ded718d77773bc27a71ecce28f7d",
    "src/ai_first/cli.py": "432cd5b48ddf64a23fcb567db84b509948b6d9049deb90002f34535ed6586f82",
    "src/ai_first/config.py": "429dd098fa823c64c0dc8cba48378efa8e6f1a7788fd3bdc34cf0e6da82f99aa",
    "src/ai_first/publication.py": "af2beb3e18671267cb8fb1908239f4073abe8bb86121b01a19f96005b5cc24b6",
    "src/ai_first/render.py": "05f55dae0f701cce5e0e74b625e95c8888981db1155b27985a14184f40e69f4b"
  },
  "outputs": {
    ".ai-first/check.py": "cb5bfa23528dc5a88846b6ac038ea4e132710a49175f6513f07e1b4a55c900e3",
    "AGENTS.md": "5f1f664a70441528c95568c8fe04155abf5c6f285936f6d26c1a4d8a1c7d5068",
    "docs/agent-harness.md": "d42995c208eb024a399afd6bccab8ad23f53d5affc624ebbbc52a27a176b637c"
  },
  "profiles": [
    "vcs-jj",
    "public-repository",
    "openai-agent-guidance"
  ],
  "repository_inputs": {
    ".ai-first.toml": "948fe0c600b0962d965554ce4e8b15bee4ecf4370ca2946801395cf5da742a67",
    ".ai-first/overlays/agents-first-read.md": "2a56201726b9580944d4838996a5b8abb6534c72fd3f62b86fbcb53308e0258f",
    ".ai-first/overlays/agents-project.md": "1321659fb33bbf2879468da26f97a2ef999aba7492b4fda08bb568e4b0fa1c26",
    ".ai-first/overlays/harness-project.md": "28618dd7fb3b14a99115b972890ebb773de74e6674a623e2511b3b0cb903caf2"
  },
  "schema_version": 1
}
